{
  "name": "basic",
  "version": "1.0.0",
  "lockfileVersion": 3,
  "requires": true,
  "packages": {
    "": {
      "name": "basic",
      "version": "1.0.0",
      "license": "ISC",
      "dependencies": {
        "@getenki/ai": "file:../../crates/bindings/enki-js"
      }
    },
    "../../crates/bindings/enki-js": {
      "name": "@getenki/ai",
      "version": "0.2.7",
      "license": " Apache License V2",
      "devDependencies": {
        "@emnapi/core": "^1.5.0",
        "@emnapi/runtime": "^1.5.0",
        "@napi-rs/cli": "^3.2.0",
        "@oxc-node/core": "^0.0.35",
        "@taplo/cli": "^0.7.0",
        "@tybys/wasm-util": "^0.10.0",
        "ava": "^7.0.0",
        "chalk": "^5.6.2",
        "husky": "^9.1.7",
        "lint-staged": "^16.1.6",
        "npm-run-all2": "^8.0.4",
        "oxlint": "^1.14.0",
        "prettier": "^3.6.2",
        "tinybench": "^6.0.0",
        "typescript": "^5.9.2"
      },
      "engines": {
        "node": ">= 12.22.0 < 13 || >= 14.17.0 < 15 || >= 15.12.0 < 16 || >= 16.0.0"
      },
      "optionalDependencies": {
        "@getenki/ai-darwin-arm64": "0.2.0",
        "@getenki/ai-darwin-x64": "0.2.0",
        "@getenki/ai-linux-arm64-gnu": "0.2.0",
        "@getenki/ai-linux-x64-gnu": "0.2.0",
        "@getenki/ai-win32-arm64-msvc": "0.2.0",
        "@getenki/ai-win32-x64-msvc": "0.2.0"
      }
    },
    "node_modules/@getenki/ai": {
      "resolved": "../../crates/bindings/enki-js",
      "link": true
    }
  }
}
